// !$*UTF8*$!
{
	archiveVersion = 1;
	classes = {
	};
	objectVersion = 50;
	objects = {

/* Begin PBXBuildFile section */
		C24726FC23C92BE900F2CF25 /* AppDelegate.swift in Sources */ = {isa = PBXBuildFile; fileRef = C24726FB23C92BE900F2CF25 /* AppDelegate.swift */; };
		C24726FE23C92BE900F2CF25 /* art.scnassets in Resources */ = {isa = PBXBuildFile; fileRef = C24726FD23C92BE900F2CF25 /* art.scnassets */; };
		C247270323C92BE900F2CF25 /* Main.storyboard in Resources */ = {isa = PBXBuildFile; fileRef = C247270123C92BE900F2CF25 /* Main.storyboard */; };
		C247270523C92BEA00F2CF25 /* Assets.xcassets in Resources */ = {isa = PBXBuildFile; fileRef = C247270423C92BEA00F2CF25 /* Assets.xcassets */; };
		C247270823C92BEA00F2CF25 /* LaunchScreen.storyboard in Resources */ = {isa = PBXBuildFile; fileRef = C247270623C92BEA00F2CF25 /* LaunchScreen.storyboard */; };
		C247271323C92BEA00F2CF25 /* MetroARchiveTests.swift in Sources */ = {isa = PBXBuildFile; fileRef = C247271223C92BEA00F2CF25 /* MetroARchiveTests.swift */; };
		C247271E23C92BEA00F2CF25 /* MetroARchiveUITests.swift in Sources */ = {isa = PBXBuildFile; fileRef = C247271D23C92BEA00F2CF25 /* MetroARchiveUITests.swift */; };
		C293775823D29F1600A8FF90 /* ViewControllerWorld.swift in Sources */ = {isa = PBXBuildFile; fileRef = C293775723D29F1600A8FF90 /* ViewControllerWorld.swift */; };
/* End PBXBuildFile section */

/* Begin PBXContainerItemProxy section */
		C247270F23C92BEA00F2CF25 /* PBXContainerItemProxy */ = {
			isa = PBXContainerItemProxy;
			containerPortal = C24726F023C92BE900F2CF25 /* Project object */;
			proxyType = 1;
			remoteGlobalIDString = C24726F723C92BE900F2CF25;
			remoteInfo = ARTest;
		};
		C247271A23C92BEA00F2CF25 /* PBXContainerItemProxy */ = {
			isa = PBXContainerItemProxy;
			containerPortal = C24726F023C92BE900F2CF25 /* Project object */;
			proxyType = 1;
			remoteGlobalIDString = C24726F723C92BE900F2CF25;
			remoteInfo = ARTest;
		};
/* End PBXContainerItemProxy section */

/* Begin PBXFileReference section */
		C24726F823C92BE900F2CF25 /* Metro ARchive.app */ = {isa = PBXFileReference; explicitFileType = wrapper.application; includeInIndex = 0; path = "Metro ARchive.app"; sourceTree = BUILT_PRODUCTS_DIR; };
		C24726FB23C92BE900F2CF25 /* AppDelegate.swift */ = {isa = PBXFileReference; lastKnownFileType = sourcecode.swift; path = AppDelegate.swift; sourceTree = "<group>"; };
		C24726FD23C92BE900F2CF25 /* art.scnassets */ = {isa = PBXFileReference; lastKnownFileType = wrapper.scnassets; path = art.scnassets; sourceTree = "<group>"; };
		C247270223C92BE900F2CF25 /* Base */ = {isa = PBXFileReference; lastKnownFileType = file.storyboard; name = Base; path = Base.lproj/Main.storyboard; sourceTree = "<group>"; };
		C247270423C92BEA00F2CF25 /* Assets.xcassets */ = {isa = PBXFileReference; lastKnownFileType = folder.assetcatalog; path = Assets.xcassets; sourceTree = "<group>"; };
		C247270723C92BEA00F2CF25 /* Base */ = {isa = PBXFileReference; lastKnownFileType = file.storyboard; name = Base; path = Base.lproj/LaunchScreen.storyboard; sourceTree = "<group>"; };
		C247270923C92BEA00F2CF25 /* Info.plist */ = {isa = PBXFileReference; lastKnownFileType = text.plist.xml; path = Info.plist; sourceTree = "<group>"; };
		C247270E23C92BEA00F2CF25 /* MetroARchiveTests.xctest */ = {isa = PBXFileReference; explicitFileType = wrapper.cfbundle; includeInIndex = 0; path = MetroARchiveTests.xctest; sourceTree = BUILT_PRODUCTS_DIR; };
		C247271223C92BEA00F2CF25 /* MetroARchiveTests.swift */ = {isa = PBXFileReference; lastKnownFileType = sourcecode.swift; path = MetroARchiveTests.swift; sourceTree = "<group>"; };
		C247271423C92BEA00F2CF25 /* Info.plist */ = {isa = PBXFileReference; lastKnownFileType = text.plist.xml; path = Info.plist; sourceTree = "<group>"; };
		C247271923C92BEA00F2CF25 /* MetroARchiveUITests.xctest */ = {isa = PBXFileReference; explicitFileType = wrapper.cfbundle; includeInIndex = 0; path = MetroARchiveUITests.xctest; sourceTree = BUILT_PRODUCTS_DIR; };
		C247271D23C92BEA00F2CF25 /* MetroARchiveUITests.swift */ = {isa = PBXFileReference; lastKnownFileType = sourcecode.swift; path = MetroARchiveUITests.swift; sourceTree = "<group>"; };
		C247271F23C92BEA00F2CF25 /* Info.plist */ = {isa = PBXFileReference; lastKnownFileType = text.plist.xml; path = Info.plist; sourceTree = "<group>"; };
		C293775723D29F1600A8FF90 /* ViewControllerWorld.swift */ = {isa = PBXFileReference; fileEncoding = 4; lastKnownFileType = sourcecode.swift; path = ViewControllerWorld.swift; sourceTree = "<group>"; };
/* End PBXFileReference section */

/* Begin PBXFrameworksBuildPhase section */
		C24726F523C92BE900F2CF25 /* Frameworks */ = {
			isa = PBXFrameworksBuildPhase;
			buildActionMask = 2147483647;
			files = (
			);
			runOnlyForDeploymentPostprocessing = 0;
		};
		C247270B23C92BEA00F2CF25 /* Frameworks */ = {
			isa = PBXFrameworksBuildPhase;
			buildActionMask = 2147483647;
			files = (
			);
			runOnlyForDeploymentPostprocessing = 0;
		};
		C247271623C92BEA00F2CF25 /* Frameworks */ = {
			isa = PBXFrameworksBuildPhase;
			buildActionMask = 2147483647;
			files = (
			);
			runOnlyForDeploymentPostprocessing = 0;
		};
/* End PBXFrameworksBuildPhase section */

/* Begin PBXGroup section */
		C24726EF23C92BE900F2CF25 = {
			isa = PBXGroup;
			children = (
				C24726FA23C92BE900F2CF25 /* MetroARchive */,
				C247271123C92BEA00F2CF25 /* MetroARchiveTests */,
				C247271C23C92BEA00F2CF25 /* MetroARchiveUITests */,
				C24726F923C92BE900F2CF25 /* Products */,
			);
			sourceTree = "<group>";
		};
		C24726F923C92BE900F2CF25 /* Products */ = {
			isa = PBXGroup;
			children = (
				C24726F823C92BE900F2CF25 /* Metro ARchive.app */,
				C247270E23C92BEA00F2CF25 /* MetroARchiveTests.xctest */,
				C247271923C92BEA00F2CF25 /* MetroARchiveUITests.xctest */,
			);
			name = Products;
			sourceTree = "<group>";
		};
		C24726FA23C92BE900F2CF25 /* MetroARchive */ = {
			isa = PBXGroup;
			children = (
				C24726FB23C92BE900F2CF25 /* AppDelegate.swift */,
				C24726FD23C92BE900F2CF25 /* art.scnassets */,
				C293775723D29F1600A8FF90 /* ViewControllerWorld.swift */,
				C247270123C92BE900F2CF25 /* Main.storyboard */,
				C247270423C92BEA00F2CF25 /* Assets.xcassets */,
				C247270623C92BEA00F2CF25 /* LaunchScreen.storyboard */,
				C247270923C92BEA00F2CF25 /* Info.plist */,
			);
			path = MetroARchive;
			sourceTree = "<group>";
		};
		C247271123C92BEA00F2CF25 /* MetroARchiveTests */ = {
			isa = PBXGroup;
			children = (
				C247271223C92BEA00F2CF25 /* MetroARchiveTests.swift */,
				C247271423C92BEA00F2CF25 /* Info.plist */,
			);
			path = MetroARchiveTests;
			sourceTree = "<group>";
		};
		C247271C23C92BEA00F2CF25 /* MetroARchiveUITests */ = {
			isa = PBXGroup;
			children = (
				C247271D23C92BEA00F2CF25 /* MetroARchiveUITests.swift */,
				C247271F23C92BEA00F2CF25 /* Info.plist */,
			);
			path = MetroARchiveUITests;
			sourceTree = "<group>";
		};
/* End PBXGroup section */

/* Begin PBXNativeTarget section */
		C24726F723C92BE900F2CF25 /* MetroARchive */ = {
			isa = PBXNativeTarget;
			buildConfigurationList = C247272223C92BEA00F2CF25 /* Build configuration list for PBXNativeTarget "MetroARchive" */;
			buildPhases = (
				C24726F423C92BE900F2CF25 /* Sources */,
				C24726F523C92BE900F2CF25 /* Frameworks */,
				C24726F623C92BE900F2CF25 /* Resources */,
			);
			buildRules = (
			);
			dependencies = (
			);
			name = MetroARchive;
			productName = ARTest;
			productReference = C24726F823C92BE900F2CF25 /* Metro ARchive.app */;
			productType = "com.apple.product-type.application";
		};
		C247270D23C92BEA00F2CF25 /* MetroARchiveTests */ = {
			isa = PBXNativeTarget;
			buildConfigurationList = C247272523C92BEA00F2CF25 /* Build configuration list for PBXNativeTarget "MetroARchiveTests" */;
			buildPhases = (
				C247270A23C92BEA00F2CF25 /* Sources */,
				C247270B23C92BEA00F2CF25 /* Frameworks */,
				C247270C23C92BEA00F2CF25 /* Resources */,
			);
			buildRules = (
			);
			dependencies = (
				C247271023C92BEA00F2CF25 /* PBXTargetDependency */,
			);
			name = MetroARchiveTests;
			productName = ARTestTests;
			productReference = C247270E23C92BEA00F2CF25 /* MetroARchiveTests.xctest */;
			productType = "com.apple.product-type.bundle.unit-test";
		};
		C247271823C92BEA00F2CF25 /* MetroARchiveUITests */ = {
			isa = PBXNativeTarget;
			buildConfigurationList = C247272823C92BEA00F2CF25 /* Build configuration list for PBXNativeTarget "MetroARchiveUITests" */;
			buildPhases = (
				C247271523C92BEA00F2CF25 /* Sources */,
				C247271623C92BEA00F2CF25 /* Frameworks */,
				C247271723C92BEA00F2CF25 /* Resources */,
			);
			buildRules = (
			);
			dependencies = (
				C247271B23C92BEA00F2CF25 /* PBXTargetDependency */,
			);
			name = MetroARchiveUITests;
			productName = ARTestUITests;
			productReference = C247271923C92BEA00F2CF25 /* MetroARchiveUITests.xctest */;
			productType = "com.apple.product-type.bundle.ui-testing";
		};
/* End PBXNativeTarget section */

/* Begin PBXProject section */
		C24726F023C92BE900F2CF25 /* Project object */ = {
			isa = PBXProject;
			attributes = {
				LastSwiftUpdateCheck = 1130;
				LastUpgradeCheck = 1130;
				ORGANIZATIONNAME = "McCoy Zhu";
				TargetAttributes = {
					C24726F723C92BE900F2CF25 = {
						CreatedOnToolsVersion = 11.3;
					};
					C247270D23C92BEA00F2CF25 = {
						CreatedOnToolsVersion = 11.3;
						TestTargetID = C24726F723C92BE900F2CF25;
					};
					C247271823C92BEA00F2CF25 = {
						CreatedOnToolsVersion = 11.3;
						TestTargetID = C24726F723C92BE900F2CF25;
					};
				};
			};
			buildConfigurationList = C24726F323C92BE900F2CF25 /* Build configuration list for PBXProject "MetroARchive" */;
			compatibilityVersion = "Xcode 9.3";
			developmentRegion = en;
			hasScannedForEncodings = 0;
			knownRegions = (
				en,
				Base,
			);
			mainGroup = C24726EF23C92BE900F2CF25;
			productRefGroup = C24726F923C92BE900F2CF25 /* Products */;
			projectDirPath = "";
			projectRoot = "";
			targets = (
				C24726F723C92BE900F2CF25 /* MetroARchive */,
				C247270D23C92BEA00F2CF25 /* MetroARchiveTests */,
				C247271823C92BEA00F2CF25 /* MetroARchiveUITests */,
			);
		};
/* End PBXProject section */

/* Begin PBXResourcesBuildPhase section */
		C24726F623C92BE900F2CF25 /* Resources */ = {
			isa = PBXResourcesBuildPhase;
			buildActionMask = 2147483647;
			files = (
				C24726FE23C92BE900F2CF25 /* art.scnassets in Resources */,
				C247270823C92BEA00F2CF25 /* LaunchScreen.storyboard in Resources */,
				C247270523C92BEA00F2CF25 /* Assets.xcassets in Resources */,
				C247270323C92BE900F2CF25 /* Main.storyboard in Resources */,
			);
			runOnlyForDeploymentPostprocessing = 0;
		};
		C247270C23C92BEA00F2CF25 /* Resources */ = {
			isa = PBXResourcesBuildPhase;
			buildActionMask = 2147483647;
			files = (
			);
			runOnlyForDeploymentPostprocessing = 0;
		};
		C247271723C92BEA00F2CF25 /* Resources */ = {
			isa = PBXResourcesBuildPhase;
			buildActionMask = 2147483647;
			files = (
			);
			runOnlyForDeploymentPostprocessing = 0;
		};
/* End PBXResourcesBuildPhase section */

/* Begin PBXSourcesBuildPhase section */
		C24726F423C92BE900F2CF25 /* Sources */ = {
			isa = PBXSourcesBuildPhase;
			buildActionMask = 2147483647;
			files = (
				C24726FC23C92BE900F2CF25 /* AppDelegate.swift in Sources */,
				C293775823D29F1600A8FF90 /* ViewControllerWorld.swift in Sources */,
			);
			runOnlyForDeploymentPostprocessing = 0;
		};
		C247270A23C92BEA00F2CF25 /* Sources */ = {
			isa = PBXSourcesBuildPhase;
			buildActionMask = 2147483647;
			files = (
				C247271323C92BEA00F2CF25 /* MetroARchiveTests.swift in Sources */,
			);
			runOnlyForDeploymentPostprocessing = 0;
		};
		C247271523C92BEA00F2CF25 /* Sources */ = {
			isa = PBXSourcesBuildPhase;
			buildActionMask = 2147483647;
			files = (
				C247271E23C92BEA00F2CF25 /* MetroARchiveUITests.swift in Sources */,
			);
			runOnlyForDeploymentPostprocessing = 0;
		};
/* End PBXSourcesBuildPhase section */

/* Begin PBXTargetDependency section */
		C247271023C92BEA00F2CF25 /* PBXTargetDependency */ = {
			isa = PBXTargetDependency;
			target = C24726F723C92BE900F2CF25 /* MetroARchive */;
			targetProxy = C247270F23C92BEA00F2CF25 /* PBXContainerItemProxy */;
		};
		C247271B23C92BEA00F2CF25 /* PBXTargetDependency */ = {
			isa = PBXTargetDependency;
			target = C24726F723C92BE900F2CF25 /* MetroARchive */;
			targetProxy = C247271A23C92BEA00F2CF25 /* PBXContainerItemProxy */;
		};
/* End PBXTargetDependency section */

/* Begin PBXVariantGroup section */
		C247270123C92BE900F2CF25 /* Main.storyboard */ = {
			isa = PBXVariantGroup;
			children = (
				C247270223C92BE900F2CF25 /* Base */,
			);
			name = Main.storyboard;
			sourceTree = "<group>";
		};
		C247270623C92BEA00F2CF25 /* LaunchScreen.storyboard */ = {
			isa = PBXVariantGroup;
			children = (
				C247270723C92BEA00F2CF25 /* Base */,
			);
			name = LaunchScreen.storyboard;
			sourceTree = "<group>";
		};
/* End PBXVariantGroup section */

/* Begin XCBuildConfiguration section */
		C247272023C92BEA00F2CF25 /* Debug */ = {
			isa = XCBuildConfiguration;
			buildSettings = {
				ALWAYS_SEARCH_USER_PATHS = NO;
				CLANG_ANALYZER_NONNULL = YES;
				CLANG_ANALYZER_NUMBER_OBJECT_CONVERSION = YES_AGGRESSIVE;
				CLANG_CXX_LANGUAGE_STANDARD = "gnu++14";
				CLANG_CXX_LIBRARY = "libc++";
				CLANG_ENABLE_MODULES = YES;
				CLANG_ENABLE_OBJC_ARC = YES;
				CLANG_ENABLE_OBJC_WEAK = YES;
				CLANG_WARN_BLOCK_CAPTURE_AUTORELEASING = YES;
				CLANG_WARN_BOOL_CONVERSION = YES;
				CLANG_WARN_COMMA = YES;
				CLANG_WARN_CONSTANT_CONVERSION = YES;
				CLANG_WARN_DEPRECATED_OBJC_IMPLEMENTATIONS = YES;
				CLANG_WARN_DIRECT_OBJC_ISA_USAGE = YES_ERROR;
				CLANG_WARN_DOCUMENTATION_COMMENTS = YES;
				CLANG_WARN_EMPTY_BODY = YES;
				CLANG_WARN_ENUM_CONVERSION = YES;
				CLANG_WARN_INFINITE_RECURSION = YES;
				CLANG_WARN_INT_CONVERSION = YES;
				CLANG_WARN_NON_LITERAL_NULL_CONVERSION = YES;
				CLANG_WARN_OBJC_IMPLICIT_RETAIN_SELF = YES;
				CLANG_WARN_OBJC_LITERAL_CONVERSION = YES;
				CLANG_WARN_OBJC_ROOT_CLASS = YES_ERROR;
				CLANG_WARN_RANGE_LOOP_ANALYSIS = YES;
				CLANG_WARN_STRICT_PROTOTYPES = YES;
				CLANG_WARN_SUSPICIOUS_MOVE = YES;
				CLANG_WARN_UNGUARDED_AVAILABILITY = YES_AGGRESSIVE;
				CLANG_WARN_UNREACHABLE_CODE = YES;
				CLANG_WARN__DUPLICATE_METHOD_MATCH = YES;
				COPY_PHASE_STRIP = NO;
				DEBUG_INFORMATION_FORMAT = dwarf;
				ENABLE_STRICT_OBJC_MSGSEND = YES;
				ENABLE_TESTABILITY = YES;
				GCC_C_LANGUAGE_STANDARD = gnu11;
				GCC_DYNAMIC_NO_PIC = NO;
				GCC_NO_COMMON_BLOCKS = YES;
				GCC_OPTIMIZATION_LEVEL = 0;
				GCC_PREPROCESSOR_DEFINITIONS = (
					"DEBUG=1",
					"$(inherited)",
				);
				GCC_WARN_64_TO_32_BIT_CONVERSION = YES;
				GCC_WARN_ABOUT_RETURN_TYPE = YES_ERROR;
				GCC_WARN_UNDECLARED_SELECTOR = YES;
				GCC_WARN_UNINITIALIZED_AUTOS = YES_AGGRESSIVE;
				GCC_WARN_UNUSED_FUNCTION = YES;
				GCC_WARN_UNUSED_VARIABLE = YES;
				IPHONEOS_DEPLOYMENT_TARGET = 12.0;
				MTL_ENABLE_DEBUG_INFO = INCLUDE_SOURCE;
				MTL_FAST_MATH = YES;
				ONLY_ACTIVE_ARCH = YES;
				SDKROOT = iphoneos;
				SWIFT_ACTIVE_COMPILATION_CONDITIONS = DEBUG;
				SWIFT_OPTIMIZATION_LEVEL = "-Onone";
			};
			name = Debug;
		};
		C247272123C92BEA00F2CF25 /* Release */ = {
			isa = XCBuildConfiguration;
			buildSettings = {
				ALWAYS_SEARCH_USER_PATHS = NO;
				CLANG_ANALYZER_NONNULL = YES;
				CLANG_ANALYZER_NUMBER_OBJECT_CONVERSION = YES_AGGRESSIVE;
				CLANG_CXX_LANGUAGE_STANDARD = "gnu++14";
				CLANG_CXX_LIBRARY = "libc++";
				CLANG_ENABLE_MODULES = YES;
				CLANG_ENABLE_OBJC_ARC = YES;
				CLANG_ENABLE_OBJC_WEAK = YES;
				CLANG_WARN_BLOCK_CAPTURE_AUTORELEASING = YES;
				CLANG_WARN_BOOL_CONVERSION = YES;
				CLANG_WARN_COMMA = YES;
				CLANG_WARN_CONSTANT_CONVERSION = YES;
				CLANG_WARN_DEPRECATED_OBJC_IMPLEMENTATIONS = YES;
				CLANG_WARN_DIRECT_OBJC_ISA_USAGE = YES_ERROR;
				CLANG_WARN_DOCUMENTATION_COMMENTS = YES;
				CLANG_WARN_EMPTY_BODY = YES;
				CLANG_WARN_ENUM_CONVERSION = YES;
				CLANG_WARN_INFINITE_RECURSION = YES;
				CLANG_WARN_INT_CONVERSION = YES;
				CLANG_WARN_NON_LITERAL_NULL_CONVERSION = YES;
				CLANG_WARN_OBJC_IMPLICIT_RETAIN_SELF = YES;
				CLANG_WARN_OBJC_LITERAL_CONVERSION = YES;
				CLANG_WARN_OBJC_ROOT_CLASS = YES_ERROR;
				CLANG_WARN_RANGE_LOOP_ANALYSIS = YES;
				CLANG_WARN_STRICT_PROTOTYPES = YES;
				CLANG_WARN_SUSPICIOUS_MOVE = YES;
				CLANG_WARN_UNGUARDED_AVAILABILITY = YES_AGGRESSIVE;
				CLANG_WARN_UNREACHABLE_CODE = YES;
				CLANG_WARN__DUPLICATE_METHOD_MATCH = YES;
				COPY_PHASE_STRIP = NO;
				DEBUG_INFORMATION_FORMAT = "dwarf-with-dsym";
				ENABLE_NS_ASSERTIONS = NO;
				ENABLE_STRICT_OBJC_MSGSEND = YES;
				GCC_C_LANGUAGE_STANDARD = gnu11;
				GCC_NO_COMMON_BLOCKS = YES;
				GCC_WARN_64_TO_32_BIT_CONVERSION = YES;
				GCC_WARN_ABOUT_RETURN_TYPE = YES_ERROR;
				GCC_WARN_UNDECLARED_SELECTOR = YES;
				GCC_WARN_UNINITIALIZED_AUTOS = YES_AGGRESSIVE;
				GCC_WARN_UNUSED_FUNCTION = YES;
				GCC_WARN_UNUSED_VARIABLE = YES;
				IPHONEOS_DEPLOYMENT_TARGET = 12.0;
				MTL_ENABLE_DEBUG_INFO = NO;
				MTL_FAST_MATH = YES;
				SDKROOT = iphoneos;
				SWIFT_COMPILATION_MODE = wholemodule;
				SWIFT_OPTIMIZATION_LEVEL = "-O";
				VALIDATE_PRODUCT = YES;
			};
			name = Release;
		};
		C247272323C92BEA00F2CF25 /* Debug */ = {
			isa = XCBuildConfiguration;
			buildSettings = {
				ASSETCATALOG_COMPILER_APPICON_NAME = AppIcon;
				CODE_SIGN_STYLE = Automatic;
				CURRENT_PROJECT_VERSION = 3;
				DEVELOPMENT_TEAM = MGM7CAKZL4;
				INFOPLIST_FILE = "$(SRCROOT)/MetroARchive/Info.plist";
				LD_RUNPATH_SEARCH_PATHS = (
					"$(inherited)",
					"@executable_path/Frameworks",
				);
				MARKETING_VERSION = 1.4;
				PRODUCT_BUNDLE_IDENTIFIER = mccoyzhu.MetroARchive;
				PRODUCT_NAME = "Metro ARchive";
				SWIFT_VERSION = 5.0;
				TARGETED_DEVICE_FAMILY = "1,2";
			};
			name = Debug;
		};
		C247272423C92BEA00F2CF25 /* Release */ = {
			isa = XCBuildConfiguration;
			buildSettings = {
				ASSETCATALOG_COMPILER_APPICON_NAME = AppIcon;
				CODE_SIGN_STYLE = Automatic;
				CURRENT_PROJECT_VERSION = 3;
				DEVELOPMENT_TEAM = MGM7CAKZL4;
				INFOPLIST_FILE = "$(SRCROOT)/MetroARchive/Info.plist";
				LD_RUNPATH_SEARCH_PATHS = (
					"$(inherited)",
					"@executable_path/Frameworks",
				);
				MARKETING_VERSION = 1.4;
				PRODUCT_BUNDLE_IDENTIFIER = mccoyzhu.MetroARchive;
				PRODUCT_NAME = "Metro ARchive";
				SWIFT_VERSION = 5.0;
				TARGETED_DEVICE_FAMILY = "1,2";
			};
			name = Release;
		};
		C247272623C92BEA00F2CF25 /* Debug */ = {
			isa = XCBuildConfiguration;
			buildSettings = {
				ALWAYS_EMBED_SWIFT_STANDARD_LIBRARIES = YES;
				BUNDLE_LOADER = "$(TEST_HOST)";
				CODE_SIGN_STYLE = Automatic;
				DEVELOPMENT_TEAM = MGM7CAKZL4;
				INFOPLIST_FILE = ARTestTests/Info.plist;
				IPHONEOS_DEPLOYMENT_TARGET = 13.2;
				LD_RUNPATH_SEARCH_PATHS = (
					"$(inherited)",
					"@executable_path/Frameworks",
					"@loader_path/Frameworks",
				);
				PRODUCT_BUNDLE_IDENTIFIER = mccoyzhu.ARTestTests;
				PRODUCT_NAME = "$(TARGET_NAME)";
				SWIFT_VERSION = 5.0;
				TARGETED_DEVICE_FAMILY = "1,2";
				TEST_HOST = "$(BUILT_PRODUCTS_DIR)/Metro ARchive.app/Metro ARchive";
			};
			name = Debug;
		};
		C247272723C92BEA00F2CF25 /* Release */ = {
			isa = XCBuildConfiguration;
			buildSettings = {
				ALWAYS_EMBED_SWIFT_STANDARD_LIBRARIES = YES;
				BUNDLE_LOADER = "$(TEST_HOST)";
				CODE_SIGN_STYLE = Automatic;
				DEVELOPMENT_TEAM = MGM7CAKZL4;
				INFOPLIST_FILE = ARTestTests/Info.plist;
				IPHONEOS_DEPLOYMENT_TARGET = 13.2;
				LD_RUNPATH_SEARCH_PATHS = (
					"$(inherited)",
					"@executable_path/Frameworks",
					"@loader_path/Frameworks",
				);
				PRODUCT_BUNDLE_IDENTIFIER = mccoyzhu.ARTestTests;
				PRODUCT_NAME = "$(TARGET_NAME)";
				SWIFT_VERSION = 5.0;
				TARGETED_DEVICE_FAMILY = "1,2";
				TEST_HOST = "$(BUILT_PRODUCTS_DIR)/Metro ARchive.app/Metro ARchive";
			};
			name = Release;
		};
		C247272923C92BEA00F2CF25 /* Debug */ = {
			isa = XCBuildConfiguration;
			buildSettings = {
				ALWAYS_EMBED_SWIFT_STANDARD_LIBRARIES = YES;
				CODE_SIGN_STYLE = Automatic;
				DEVELOPMENT_TEAM = MGM7CAKZL4;
				INFOPLIST_FILE = MetroARchiveUITests/Info.plist;
				LD_RUNPATH_SEARCH_PATHS = (
					"$(inherited)",
					"@executable_path/Frameworks",
					"@loader_path/Frameworks",
				);
				PRODUCT_BUNDLE_IDENTIFIER = mccoyzhu.MetroARchiveUITests;
				PRODUCT_NAME = "$(TARGET_NAME)";
				SWIFT_VERSION = 5.0;
				TARGETED_DEVICE_FAMILY = "1,2";
				TEST_TARGET_NAME = ARTest;
			};
			name = Debug;
		};
		C247272A23C92BEA00F2CF25 /* Release */ = {
			isa = XCBuildConfiguration;
			buildSettings = {
				ALWAYS_EMBED_SWIFT_STANDARD_LIBRARIES = YES;
				CODE_SIGN_STYLE = Automatic;
				DEVELOPMENT_TEAM = MGM7CAKZL4;
				INFOPLIST_FILE = MetroARchiveUITests/Info.plist;
				LD_RUNPATH_SEARCH_PATHS = (
					"$(inherited)",
					"@executable_path/Frameworks",
					"@loader_path/Frameworks",
				);
				PRODUCT_BUNDLE_IDENTIFIER = mccoyzhu.MetroARchiveUITests;
				PRODUCT_NAME = "$(TARGET_NAME)";
				SWIFT_VERSION = 5.0;
				TARGETED_DEVICE_FAMILY = "1,2";
				TEST_TARGET_NAME = ARTest;
			};
			name = Release;
		};
/* End XCBuildConfiguration section */

/* Begin XCConfigurationList section */
		C24726F323C92BE900F2CF25 /* Build configuration list for PBXProject "MetroARchive" */ = {
			isa = XCConfigurationList;
			buildConfigurations = (
				C247272023C92BEA00F2CF25 /* Debug */,
				C247272123C92BEA00F2CF25 /* Release */,
			);
			defaultConfigurationIsVisible = 0;
			defaultConfigurationName = Release;
		};
		C247272223C92BEA00F2CF25 /* Build configuration list for PBXNativeTarget "MetroARchive" */ = {
			isa = XCConfigurationList;
			buildConfigurations = (
				C247272323C92BEA00F2CF25 /* Debug */,
				C247272423C92BEA00F2CF25 /* Release */,
			);
			defaultConfigurationIsVisible = 0;
			defaultConfigurationName = Release;
		};
		C247272523C92BEA00F2CF25 /* Build configuration list for PBXNativeTarget "MetroARchiveTests" */ = {
			isa = XCConfigurationList;
			buildConfigurations = (
				C247272623C92BEA00F2CF25 /* Debug */,
				C247272723C92BEA00F2CF25 /* Release */,
			);
			defaultConfigurationIsVisible = 0;
			defaultConfigurationName = Release;
		};
		C247272823C92BEA00F2CF25 /* Build configuration list for PBXNativeTarget "MetroARchiveUITests" */ = {
			isa = XCConfigurationList;
			buildConfigurations = (
				C247272923C92BEA00F2CF25 /* Debug */,
				C247272A23C92BEA00F2CF25 /* Release */,
			);
			defaultConfigurationIsVisible = 0;
			defaultConfigurationName = Release;
		};
/* End XCConfigurationList section */
	};
	rootObject = C24726F023C92BE900F2CF25 /* Project object */;
}
